// !$*UTF8*$!
{
	archiveVersion = 1;
	classes = {
	};
	objectVersion = 48;
	objects = {

/* Begin PBXBuildFile section */
		BF268892201689E8007E431C /* main.cpp in Sources */ = {isa = PBXBuildFile; fileRef = BF268891201689E8007E431C /* main.cpp */; };
		BF3D2A5E201DE80E00DF219D /* RenderableEntity.cpp in Sources */ = {isa = PBXBuildFile; fileRef = BF3D2A5C201DE80E00DF219D /* RenderableEntity.cpp */; };
		BF3D2A61201DE81E00DF219D /* ControllableEntity.cpp in Sources */ = {isa = PBXBuildFile; fileRef = BF3D2A5F201DE81E00DF219D /* ControllableEntity.cpp */; };
		BF3D2A6A201DF0F600DF219D /* ManualControlEngine.cpp in Sources */ = {isa = PBXBuildFile; fileRef = BF3D2A68201DF0F600DF219D /* ManualControlEngine.cpp */; };
		BF3D2A6D201DF67E00DF219D /* DragonControlEngine.cpp in Sources */ = {isa = PBXBuildFile; fileRef = BF3D2A6B201DF67E00DF219D /* DragonControlEngine.cpp */; };
		BF3D2A79201DFFCC00DF219D /* NotificationEngine.cpp in Sources */ = {isa = PBXBuildFile; fileRef = BF3D2A77201DFFCC00DF219D /* NotificationEngine.cpp */; };
		BF3D2A7F201E083100DF219D /* GameNotifier.cpp in Sources */ = {isa = PBXBuildFile; fileRef = BF3D2A7D201E083100DF219D /* GameNotifier.cpp */; };
		BF3D2A82201E333000DF219D /* WinGameState.cpp in Sources */ = {isa = PBXBuildFile; fileRef = BF3D2A80201E333000DF219D /* WinGameState.cpp */; };
		BF3D2A85201E333D00DF219D /* LooseGameState.cpp in Sources */ = {isa = PBXBuildFile; fileRef = BF3D2A83201E333D00DF219D /* LooseGameState.cpp */; };
		BF3D2A8C201E392900DF219D /* QuitGameState.cpp in Sources */ = {isa = PBXBuildFile; fileRef = BF3D2A8A201E392900DF219D /* QuitGameState.cpp */; };
		BF3D2A8E201E53F000DF219D /* Entity.cpp in Sources */ = {isa = PBXBuildFile; fileRef = BF3D2A8D201E53F000DF219D /* Entity.cpp */; };
		BF90A1E4201AA3FB005E2396 /* ExitCommand.cpp in Sources */ = {isa = PBXBuildFile; fileRef = BF90A1E2201AA3FB005E2396 /* ExitCommand.cpp */; };
		BFCE7399201BE78A00ABE531 /* TextGraphicsEngine.cpp in Sources */ = {isa = PBXBuildFile; fileRef = BFCE7397201BE78A00ABE531 /* TextGraphicsEngine.cpp */; };
		BFCE73A5201BF8B300ABE531 /* TextNotifier.cpp in Sources */ = {isa = PBXBuildFile; fileRef = BFCE73A3201BF8B300ABE531 /* TextNotifier.cpp */; };
		BFCE73A8201C039200ABE531 /* OpenCommand.cpp in Sources */ = {isa = PBXBuildFile; fileRef = BFCE73A6201C039200ABE531 /* OpenCommand.cpp */; };
		BFEFEF50201C740A0067CA90 /* UnlockCommand.cpp in Sources */ = {isa = PBXBuildFile; fileRef = BFEFEF4E201C740A0067CA90 /* UnlockCommand.cpp */; };
		BFEFEF53201C7DF40067CA90 /* AttackCommand.cpp in Sources */ = {isa = PBXBuildFile; fileRef = BFEFEF51201C7DF40067CA90 /* AttackCommand.cpp */; };
		BFEFEF59201C9EE30067CA90 /* WinCommand.cpp in Sources */ = {isa = PBXBuildFile; fileRef = BFEFEF57201C9EE30067CA90 /* WinCommand.cpp */; };
		BFEFEF5C201CDB6B0067CA90 /* EntityChildren.cpp in Sources */ = {isa = PBXBuildFile; fileRef = BFEFEF5A201CDB6B0067CA90 /* EntityChildren.cpp */; };
		BFEFEF5F201CED640067CA90 /* EntityChildNode.cpp in Sources */ = {isa = PBXBuildFile; fileRef = BFEFEF5D201CED640067CA90 /* EntityChildNode.cpp */; };
		BFEFEF62201D21340067CA90 /* GameState.cpp in Sources */ = {isa = PBXBuildFile; fileRef = BFEFEF60201D21340067CA90 /* GameState.cpp */; };
		BFEFEF65201D24340067CA90 /* Game.cpp in Sources */ = {isa = PBXBuildFile; fileRef = BFEFEF63201D24340067CA90 /* Game.cpp */; };
		BFEFEF68201D24BB0067CA90 /* ReadyGameState.cpp in Sources */ = {isa = PBXBuildFile; fileRef = BFEFEF66201D24BB0067CA90 /* ReadyGameState.cpp */; };
		BFEFEF6B201D2C2F0067CA90 /* PlayGameState.cpp in Sources */ = {isa = PBXBuildFile; fileRef = BFEFEF69201D2C2F0067CA90 /* PlayGameState.cpp */; };
/* End PBXBuildFile section */

/* Begin PBXCopyFilesBuildPhase section */
		BF26888C201689E8007E431C /* CopyFiles */ = {
			isa = PBXCopyFilesBuildPhase;
			buildActionMask = 2147483647;
			dstPath = /usr/share/man/man1/;
			dstSubfolderSpec = 0;
			files = (
			);
			runOnlyForDeploymentPostprocessing = 1;
		};
/* End PBXCopyFilesBuildPhase section */

/* Begin PBXFileReference section */
		BF26888E201689E8007E431C /* FirstAdventure */ = {isa = PBXFileReference; explicitFileType = "compiled.mach-o.executable"; includeInIndex = 0; path = FirstAdventure; sourceTree = BUILT_PRODUCTS_DIR; };
		BF268891201689E8007E431C /* main.cpp */ = {isa = PBXFileReference; lastKnownFileType = sourcecode.cpp.cpp; path = main.cpp; sourceTree = "<group>"; };
		BF3D2A5C201DE80E00DF219D /* RenderableEntity.cpp */ = {isa = PBXFileReference; lastKnownFileType = sourcecode.cpp.cpp; path = RenderableEntity.cpp; sourceTree = "<group>"; };
		BF3D2A5D201DE80E00DF219D /* RenderableEntity.hpp */ = {isa = PBXFileReference; lastKnownFileType = sourcecode.cpp.h; path = RenderableEntity.hpp; sourceTree = "<group>"; };
		BF3D2A5F201DE81E00DF219D /* ControllableEntity.cpp */ = {isa = PBXFileReference; lastKnownFileType = sourcecode.cpp.cpp; path = ControllableEntity.cpp; sourceTree = "<group>"; };
		BF3D2A60201DE81E00DF219D /* ControllableEntity.hpp */ = {isa = PBXFileReference; lastKnownFileType = sourcecode.cpp.h; path = ControllableEntity.hpp; sourceTree = "<group>"; };
		BF3D2A66201DF07E00DF219D /* ControlEngine.hpp */ = {isa = PBXFileReference; lastKnownFileType = sourcecode.cpp.h; path = ControlEngine.hpp; sourceTree = "<group>"; };
		BF3D2A68201DF0F600DF219D /* ManualControlEngine.cpp */ = {isa = PBXFileReference; lastKnownFileType = sourcecode.cpp.cpp; path = ManualControlEngine.cpp; sourceTree = "<group>"; };
		BF3D2A69201DF0F600DF219D /* ManualControlEngine.hpp */ = {isa = PBXFileReference; lastKnownFileType = sourcecode.cpp.h; path = ManualControlEngine.hpp; sourceTree = "<group>"; };
		BF3D2A6B201DF67E00DF219D /* DragonControlEngine.cpp */ = {isa = PBXFileReference; lastKnownFileType = sourcecode.cpp.cpp; path = DragonControlEngine.cpp; sourceTree = "<group>"; };
		BF3D2A6C201DF67E00DF219D /* DragonControlEngine.hpp */ = {isa = PBXFileReference; lastKnownFileType = sourcecode.cpp.h; path = DragonControlEngine.hpp; sourceTree = "<group>"; };
		BF3D2A77201DFFCC00DF219D /* NotificationEngine.cpp */ = {isa = PBXFileReference; lastKnownFileType = sourcecode.cpp.cpp; path = NotificationEngine.cpp; sourceTree = "<group>"; };
		BF3D2A78201DFFCC00DF219D /* NotificationEngine.hpp */ = {isa = PBXFileReference; lastKnownFileType = sourcecode.cpp.h; path = NotificationEngine.hpp; sourceTree = "<group>"; };
		BF3D2A7D201E083100DF219D /* GameNotifier.cpp */ = {isa = PBXFileReference; lastKnownFileType = sourcecode.cpp.cpp; path = GameNotifier.cpp; sourceTree = "<group>"; };
		BF3D2A7E201E083100DF219D /* GameNotifier.hpp */ = {isa = PBXFileReference; lastKnownFileType = sourcecode.cpp.h; path = GameNotifier.hpp; sourceTree = "<group>"; };
		BF3D2A80201E333000DF219D /* WinGameState.cpp */ = {isa = PBXFileReference; lastKnownFileType = sourcecode.cpp.cpp; path = WinGameState.cpp; sourceTree = "<group>"; };
		BF3D2A81201E333000DF219D /* WinGameState.hpp */ = {isa = PBXFileReference; lastKnownFileType = sourcecode.cpp.h; path = WinGameState.hpp; sourceTree = "<group>"; };
		BF3D2A83201E333D00DF219D /* LooseGameState.cpp */ = {isa = PBXFileReference; lastKnownFileType = sourcecode.cpp.cpp; path = LooseGameState.cpp; sourceTree = "<group>"; };
		BF3D2A84201E333D00DF219D /* LooseGameState.hpp */ = {isa = PBXFileReference; lastKnownFileType = sourcecode.cpp.h; path = LooseGameState.hpp; sourceTree = "<group>"; };
		BF3D2A8A201E392900DF219D /* QuitGameState.cpp */ = {isa = PBXFileReference; lastKnownFileType = sourcecode.cpp.cpp; path = QuitGameState.cpp; sourceTree = "<group>"; };
		BF3D2A8B201E392900DF219D /* QuitGameState.hpp */ = {isa = PBXFileReference; lastKnownFileType = sourcecode.cpp.h; path = QuitGameState.hpp; sourceTree = "<group>"; };
		BF3D2A8D201E53F000DF219D /* Entity.cpp */ = {isa = PBXFileReference; lastKnownFileType = sourcecode.cpp.cpp; path = Entity.cpp; sourceTree = "<group>"; };
		BF4D4EF9201809DE002C1E71 /* CMakeLists.txt */ = {isa = PBXFileReference; fileEncoding = 4; lastKnownFileType = text; path = CMakeLists.txt; sourceTree = "<group>"; };
		BF90A1DD201A9EB8005E2396 /* Entity.hpp */ = {isa = PBXFileReference; lastKnownFileType = sourcecode.cpp.h; path = Entity.hpp; sourceTree = "<group>"; };
		BF90A1E0201AA045005E2396 /* Command.hpp */ = {isa = PBXFileReference; lastKnownFileType = sourcecode.cpp.h; path = Command.hpp; sourceTree = "<group>"; };
		BF90A1E2201AA3FB005E2396 /* ExitCommand.cpp */ = {isa = PBXFileReference; lastKnownFileType = sourcecode.cpp.cpp; path = ExitCommand.cpp; sourceTree = "<group>"; };
		BF90A1E3201AA3FB005E2396 /* ExitCommand.hpp */ = {isa = PBXFileReference; lastKnownFileType = sourcecode.cpp.h; path = ExitCommand.hpp; sourceTree = "<group>"; };
		BFCE7395201BE71200ABE531 /* GraphicsEngine.hpp */ = {isa = PBXFileReference; lastKnownFileType = sourcecode.cpp.h; path = GraphicsEngine.hpp; sourceTree = "<group>"; };
		BFCE7397201BE78A00ABE531 /* TextGraphicsEngine.cpp */ = {isa = PBXFileReference; lastKnownFileType = sourcecode.cpp.cpp; path = TextGraphicsEngine.cpp; sourceTree = "<group>"; };
		BFCE7398201BE78A00ABE531 /* TextGraphicsEngine.hpp */ = {isa = PBXFileReference; lastKnownFileType = sourcecode.cpp.h; path = TextGraphicsEngine.hpp; sourceTree = "<group>"; };
		BFCE73A1201BF85600ABE531 /* Notifier.hpp */ = {isa = PBXFileReference; lastKnownFileType = sourcecode.cpp.h; path = Notifier.hpp; sourceTree = "<group>"; };
		BFCE73A3201BF8B300ABE531 /* TextNotifier.cpp */ = {isa = PBXFileReference; lastKnownFileType = sourcecode.cpp.cpp; path = TextNotifier.cpp; sourceTree = "<group>"; };
		BFCE73A4201BF8B300ABE531 /* TextNotifier.hpp */ = {isa = PBXFileReference; lastKnownFileType = sourcecode.cpp.h; path = TextNotifier.hpp; sourceTree = "<group>"; };
		BFCE73A6201C039200ABE531 /* OpenCommand.cpp */ = {isa = PBXFileReference; lastKnownFileType = sourcecode.cpp.cpp; path = OpenCommand.cpp; sourceTree = "<group>"; };
		BFCE73A7201C039200ABE531 /* OpenCommand.hpp */ = {isa = PBXFileReference; lastKnownFileType = sourcecode.cpp.h; path = OpenCommand.hpp; sourceTree = "<group>"; };
		BFEFEF4E201C740A0067CA90 /* UnlockCommand.cpp */ = {isa = PBXFileReference; lastKnownFileType = sourcecode.cpp.cpp; path = UnlockCommand.cpp; sourceTree = "<group>"; };
		BFEFEF4F201C740A0067CA90 /* UnlockCommand.hpp */ = {isa = PBXFileReference; lastKnownFileType = sourcecode.cpp.h; path = UnlockCommand.hpp; sourceTree = "<group>"; };
		BFEFEF51201C7DF40067CA90 /* AttackCommand.cpp */ = {isa = PBXFileReference; lastKnownFileType = sourcecode.cpp.cpp; path = AttackCommand.cpp; sourceTree = "<group>"; };
		BFEFEF52201C7DF40067CA90 /* AttackCommand.hpp */ = {isa = PBXFileReference; lastKnownFileType = sourcecode.cpp.h; path = AttackCommand.hpp; sourceTree = "<group>"; };
		BFEFEF55201C7F200067CA90 /* Stats.hpp */ = {isa = PBXFileReference; lastKnownFileType = sourcecode.cpp.h; path = Stats.hpp; sourceTree = "<group>"; };
		BFEFEF57201C9EE30067CA90 /* WinCommand.cpp */ = {isa = PBXFileReference; lastKnownFileType = sourcecode.cpp.cpp; path = WinCommand.cpp; sourceTree = "<group>"; };
		BFEFEF58201C9EE30067CA90 /* WinCommand.hpp */ = {isa = PBXFileReference; lastKnownFileType = sourcecode.cpp.h; path = WinCommand.hpp; sourceTree = "<group>"; };
		BFEFEF5A201CDB6B0067CA90 /* EntityChildren.cpp */ = {isa = PBXFileReference; lastKnownFileType = sourcecode.cpp.cpp; path = EntityChildren.cpp; sourceTree = "<group>"; };
		BFEFEF5B201CDB6B0067CA90 /* EntityChildren.hpp */ = {isa = PBXFileReference; lastKnownFileType = sourcecode.cpp.h; path = EntityChildren.hpp; sourceTree = "<group>"; };
		BFEFEF5D201CED640067CA90 /* EntityChildNode.cpp */ = {isa = PBXFileReference; lastKnownFileType = sourcecode.cpp.cpp; path = EntityChildNode.cpp; sourceTree = "<group>"; };
		BFEFEF5E201CED640067CA90 /* EntityChildNode.hpp */ = {isa = PBXFileReference; lastKnownFileType = sourcecode.cpp.h; path = EntityChildNode.hpp; sourceTree = "<group>"; };
		BFEFEF60201D21340067CA90 /* GameState.cpp */ = {isa = PBXFileReference; lastKnownFileType = sourcecode.cpp.cpp; path = GameState.cpp; sourceTree = "<group>"; };
		BFEFEF61201D21340067CA90 /* GameState.hpp */ = {isa = PBXFileReference; lastKnownFileType = sourcecode.cpp.h; path = GameState.hpp; sourceTree = "<group>"; };
		BFEFEF63201D24340067CA90 /* Game.cpp */ = {isa = PBXFileReference; lastKnownFileType = sourcecode.cpp.cpp; path = Game.cpp; sourceTree = "<group>"; };
		BFEFEF64201D24340067CA90 /* Game.hpp */ = {isa = PBXFileReference; lastKnownFileType = sourcecode.cpp.h; path = Game.hpp; sourceTree = "<group>"; };
		BFEFEF66201D24BB0067CA90 /* ReadyGameState.cpp */ = {isa = PBXFileReference; lastKnownFileType = sourcecode.cpp.cpp; path = ReadyGameState.cpp; sourceTree = "<group>"; };
		BFEFEF67201D24BB0067CA90 /* ReadyGameState.hpp */ = {isa = PBXFileReference; lastKnownFileType = sourcecode.cpp.h; path = ReadyGameState.hpp; sourceTree = "<group>"; };
		BFEFEF69201D2C2F0067CA90 /* PlayGameState.cpp */ = {isa = PBXFileReference; lastKnownFileType = sourcecode.cpp.cpp; path = PlayGameState.cpp; sourceTree = "<group>"; };
		BFEFEF6A201D2C2F0067CA90 /* PlayGameState.hpp */ = {isa = PBXFileReference; lastKnownFileType = sourcecode.cpp.h; path = PlayGameState.hpp; sourceTree = "<group>"; };
/* End PBXFileReference section */

/* Begin PBXFrameworksBuildPhase section */
		BF26888B201689E8007E431C /* Frameworks */ = {
			isa = PBXFrameworksBuildPhase;
			buildActionMask = 2147483647;
			files = (
			);
			runOnlyForDeploymentPostprocessing = 0;
		};
/* End PBXFrameworksBuildPhase section */

/* Begin PBXGroup section */
		BF268885201689E8007E431C = {
			isa = PBXGroup;
			children = (
				BF268890201689E8007E431C /* FirstAdventure */,
				BF26888F201689E8007E431C /* Products */,
			);
			sourceTree = "<group>";
		};
		BF26888F201689E8007E431C /* Products */ = {
			isa = PBXGroup;
			children = (
				BF26888E201689E8007E431C /* FirstAdventure */,
			);
			name = Products;
			sourceTree = "<group>";
		};
		BF268890201689E8007E431C /* FirstAdventure */ = {
			isa = PBXGroup;
			children = (
				BF4D4EF9201809DE002C1E71 /* CMakeLists.txt */,
				BF3D2A55201DDEA200DF219D /* include */,
				BF3D2A59201DDF0D00DF219D /* src */,
			);
			path = FirstAdventure;
			sourceTree = "<group>";
		};
		BF3D2A55201DDEA200DF219D /* include */ = {
			isa = PBXGroup;
			children = (
				BF3D2A56201DDEBD00DF219D /* firstadventure */,
			);
			path = include;
			sourceTree = "<group>";
		};
		BF3D2A56201DDEBD00DF219D /* firstadventure */ = {
			isa = PBXGroup;
			children = (
				BFEFEF64201D24340067CA90 /* Game.hpp */,
				BF3D2A90201E658000DF219D /* state */,
				BF3D2A71201DF7CE00DF219D /* engine */,
				BF3D2A57201DDEDB00DF219D /* entity */,
			);
			path = firstadventure;
			sourceTree = "<group>";
		};
		BF3D2A57201DDEDB00DF219D /* entity */ = {
			isa = PBXGroup;
			children = (
				BF3D2A58201DDEEB00DF219D /* command */,
				BFEFEF55201C7F200067CA90 /* Stats.hpp */,
				BFEFEF5B201CDB6B0067CA90 /* EntityChildren.hpp */,
				BFEFEF5E201CED640067CA90 /* EntityChildNode.hpp */,
				BF90A1DD201A9EB8005E2396 /* Entity.hpp */,
				BF3D2A5D201DE80E00DF219D /* RenderableEntity.hpp */,
				BF3D2A60201DE81E00DF219D /* ControllableEntity.hpp */,
			);
			path = entity;
			sourceTree = "<group>";
		};
		BF3D2A58201DDEEB00DF219D /* command */ = {
			isa = PBXGroup;
			children = (
				BFEFEF58201C9EE30067CA90 /* WinCommand.hpp */,
				BF90A1E0201AA045005E2396 /* Command.hpp */,
				BF90A1E3201AA3FB005E2396 /* ExitCommand.hpp */,
				BFCE73A7201C039200ABE531 /* OpenCommand.hpp */,
				BFEFEF4F201C740A0067CA90 /* UnlockCommand.hpp */,
				BFEFEF52201C7DF40067CA90 /* AttackCommand.hpp */,
			);
			path = command;
			sourceTree = "<group>";
		};
		BF3D2A59201DDF0D00DF219D /* src */ = {
			isa = PBXGroup;
			children = (
				BF268891201689E8007E431C /* main.cpp */,
				BFEFEF63201D24340067CA90 /* Game.cpp */,
				BF3D2A8F201E655E00DF219D /* state */,
				BF3D2A74201DF80100DF219D /* engine */,
				BF3D2A5A201DDF1700DF219D /* entity */,
			);
			path = src;
			sourceTree = "<group>";
		};
		BF3D2A5A201DDF1700DF219D /* entity */ = {
			isa = PBXGroup;
			children = (
				BF3D2A5B201DDF2700DF219D /* command */,
				BF3D2A5C201DE80E00DF219D /* RenderableEntity.cpp */,
				BF3D2A5F201DE81E00DF219D /* ControllableEntity.cpp */,
				BFEFEF5A201CDB6B0067CA90 /* EntityChildren.cpp */,
				BFEFEF5D201CED640067CA90 /* EntityChildNode.cpp */,
				BF3D2A8D201E53F000DF219D /* Entity.cpp */,
			);
			path = entity;
			sourceTree = "<group>";
		};
		BF3D2A5B201DDF2700DF219D /* command */ = {
			isa = PBXGroup;
			children = (
				BFEFEF57201C9EE30067CA90 /* WinCommand.cpp */,
				BF90A1E2201AA3FB005E2396 /* ExitCommand.cpp */,
				BFCE73A6201C039200ABE531 /* OpenCommand.cpp */,
				BFEFEF4E201C740A0067CA90 /* UnlockCommand.cpp */,
				BFEFEF51201C7DF40067CA90 /* AttackCommand.cpp */,
			);
			path = command;
			sourceTree = "<group>";
		};
		BF3D2A71201DF7CE00DF219D /* engine */ = {
			isa = PBXGroup;
			children = (
				BF3D2A7A201E04CD00DF219D /* notification */,
				BF3D2A73201DF7E100DF219D /* control */,
				BF3D2A72201DF7DA00DF219D /* graphics */,
			);
			path = engine;
			sourceTree = "<group>";
		};
		BF3D2A72201DF7DA00DF219D /* graphics */ = {
			isa = PBXGroup;
			children = (
				BFCE7395201BE71200ABE531 /* GraphicsEngine.hpp */,
				BFCE7398201BE78A00ABE531 /* TextGraphicsEngine.hpp */,
			);
			path = graphics;
			sourceTree = "<group>";
		};
		BF3D2A73201DF7E100DF219D /* control */ = {
			isa = PBXGroup;
			children = (
				BF3D2A66201DF07E00DF219D /* ControlEngine.hpp */,
				BF3D2A69201DF0F600DF219D /* ManualControlEngine.hpp */,
				BF3D2A6C201DF67E00DF219D /* DragonControlEngine.hpp */,
			);
			path = control;
			sourceTree = "<group>";
		};
		BF3D2A74201DF80100DF219D /* engine */ = {
			isa = PBXGroup;
			children = (
				BF3D2A7B201E04DE00DF219D /* notification */,
				BF3D2A76201DF80C00DF219D /* graphics */,
				BF3D2A75201DF80800DF219D /* control */,
			);
			path = engine;
			sourceTree = "<group>";
		};
		BF3D2A75201DF80800DF219D /* control */ = {
			isa = PBXGroup;
			children = (
				BF3D2A68201DF0F600DF219D /* ManualControlEngine.cpp */,
				BF3D2A6B201DF67E00DF219D /* DragonControlEngine.cpp */,
			);
			path = control;
			sourceTree = "<group>";
		};
		BF3D2A76201DF80C00DF219D /* graphics */ = {
			isa = PBXGroup;
			children = (
				BFCE7397201BE78A00ABE531 /* TextGraphicsEngine.cpp */,
			);
			path = graphics;
			sourceTree = "<group>";
		};
		BF3D2A7A201E04CD00DF219D /* notification */ = {
			isa = PBXGroup;
			children = (
				BFCE73A4201BF8B300ABE531 /* TextNotifier.hpp */,
				BFCE73A1201BF85600ABE531 /* Notifier.hpp */,
				BF3D2A78201DFFCC00DF219D /* NotificationEngine.hpp */,
				BF3D2A7E201E083100DF219D /* GameNotifier.hpp */,
			);
			path = notification;
			sourceTree = "<group>";
		};
		BF3D2A7B201E04DE00DF219D /* notification */ = {
			isa = PBXGroup;
			children = (
				BF3D2A7D201E083100DF219D /* GameNotifier.cpp */,
				BFCE73A3201BF8B300ABE531 /* TextNotifier.cpp */,
				BF3D2A77201DFFCC00DF219D /* NotificationEngine.cpp */,
			);
			path = notification;
			sourceTree = "<group>";
		};
		BF3D2A8F201E655E00DF219D /* state */ = {
			isa = PBXGroup;
			children = (
				BFEFEF60201D21340067CA90 /* GameState.cpp */,
				BFEFEF66201D24BB0067CA90 /* ReadyGameState.cpp */,
				BF3D2A8A201E392900DF219D /* QuitGameState.cpp */,
				BFEFEF69201D2C2F0067CA90 /* PlayGameState.cpp */,
				BF3D2A80201E333000DF219D /* WinGameState.cpp */,
				BF3D2A83201E333D00DF219D /* LooseGameState.cpp */,
			);
			path = state;
			sourceTree = "<group>";
		};
		BF3D2A90201E658000DF219D /* state */ = {
			isa = PBXGroup;
			children = (
				BFEFEF61201D21340067CA90 /* GameState.hpp */,
				BF3D2A8B201E392900DF219D /* QuitGameState.hpp */,
				BFEFEF67201D24BB0067CA90 /* ReadyGameState.hpp */,
				BFEFEF6A201D2C2F0067CA90 /* PlayGameState.hpp */,
				BF3D2A81201E333000DF219D /* WinGameState.hpp */,
				BF3D2A84201E333D00DF219D /* LooseGameState.hpp */,
			);
			path = state;
			sourceTree = "<group>";
		};
/* End PBXGroup section */

/* Begin PBXNativeTarget section */
		BF26888D201689E8007E431C /* FirstAdventure */ = {
			isa = PBXNativeTarget;
			buildConfigurationList = BF268895201689E8007E431C /* Build configuration list for PBXNativeTarget "FirstAdventure" */;
			buildPhases = (
				BF26888A201689E8007E431C /* Sources */,
				BF26888B201689E8007E431C /* Frameworks */,
				BF26888C201689E8007E431C /* CopyFiles */,
			);
			buildRules = (
			);
			dependencies = (
			);
			name = FirstAdventure;
			productName = FirstAdventure;
			productReference = BF26888E201689E8007E431C /* FirstAdventure */;
			productType = "com.apple.product-type.tool";
		};
/* End PBXNativeTarget section */

/* Begin PBXProject section */
		BF268886201689E8007E431C /* Project object */ = {
			isa = PBXProject;
			attributes = {
				LastUpgradeCheck = 0920;
				ORGANIZATIONNAME = "David Paris";
				TargetAttributes = {
					BF26888D201689E8007E431C = {
						CreatedOnToolsVersion = 9.2;
						ProvisioningStyle = Automatic;
					};
				};
			};
			buildConfigurationList = BF268889201689E8007E431C /* Build configuration list for PBXProject "FirstAdventure" */;
			compatibilityVersion = "Xcode 8.0";
			developmentRegion = en;
			hasScannedForEncodings = 0;
			knownRegions = (
				en,
			);
			mainGroup = BF268885201689E8007E431C;
			productRefGroup = BF26888F201689E8007E431C /* Products */;
			projectDirPath = "";
			projectRoot = "";
			targets = (
				BF26888D201689E8007E431C /* FirstAdventure */,
			);
		};
/* End PBXProject section */

/* Begin PBXSourcesBuildPhase section */
		BF26888A201689E8007E431C /* Sources */ = {
			isa = PBXSourcesBuildPhase;
			buildActionMask = 2147483647;
			files = (
				BFEFEF59201C9EE30067CA90 /* WinCommand.cpp in Sources */,
				BF3D2A6A201DF0F600DF219D /* ManualControlEngine.cpp in Sources */,
				BFEFEF5F201CED640067CA90 /* EntityChildNode.cpp in Sources */,
				BF3D2A7F201E083100DF219D /* GameNotifier.cpp in Sources */,
				BF3D2A79201DFFCC00DF219D /* NotificationEngine.cpp in Sources */,
				BF90A1E4201AA3FB005E2396 /* ExitCommand.cpp in Sources */,
				BF3D2A85201E333D00DF219D /* LooseGameState.cpp in Sources */,
				BFEFEF68201D24BB0067CA90 /* ReadyGameState.cpp in Sources */,
				BFCE73A8201C039200ABE531 /* OpenCommand.cpp in Sources */,
				BFEFEF5C201CDB6B0067CA90 /* EntityChildren.cpp in Sources */,
				BF3D2A6D201DF67E00DF219D /* DragonControlEngine.cpp in Sources */,
				BF3D2A82201E333000DF219D /* WinGameState.cpp in Sources */,
				BFEFEF6B201D2C2F0067CA90 /* PlayGameState.cpp in Sources */,
				BFCE73A5201BF8B300ABE531 /* TextNotifier.cpp in Sources */,
				BFEFEF53201C7DF40067CA90 /* AttackCommand.cpp in Sources */,
				BF3D2A8C201E392900DF219D /* QuitGameState.cpp in Sources */,
				BF3D2A8E201E53F000DF219D /* Entity.cpp in Sources */,
				BFEFEF65201D24340067CA90 /* Game.cpp in Sources */,
				BFEFEF50201C740A0067CA90 /* UnlockCommand.cpp in Sources */,
				BF268892201689E8007E431C /* main.cpp in Sources */,
				BFEFEF62201D21340067CA90 /* GameState.cpp in Sources */,
				BFCE7399201BE78A00ABE531 /* TextGraphicsEngine.cpp in Sources */,
				BF3D2A61201DE81E00DF219D /* ControllableEntity.cpp in Sources */,
				BF3D2A5E201DE80E00DF219D /* RenderableEntity.cpp in Sources */,
			);
			runOnlyForDeploymentPostprocessing = 0;
		};
/* End PBXSourcesBuildPhase section */

/* Begin XCBuildConfiguration section */
		BF268893201689E8007E431C /* Debug */ = {
			isa = XCBuildConfiguration;
			buildSettings = {
				ALWAYS_SEARCH_USER_PATHS = NO;
				CLANG_ANALYZER_NONNULL = YES;
				CLANG_ANALYZER_NUMBER_OBJECT_CONVERSION = YES_AGGRESSIVE;
				CLANG_CXX_LANGUAGE_STANDARD = "gnu++14";
				CLANG_CXX_LIBRARY = "libc++";
				CLANG_ENABLE_MODULES = YES;
				CLANG_ENABLE_OBJC_ARC = YES;
				CLANG_WARN_BLOCK_CAPTURE_AUTORELEASING = YES;
				CLANG_WARN_BOOL_CONVERSION = YES;
				CLANG_WARN_COMMA = YES;
				CLANG_WARN_CONSTANT_CONVERSION = YES;
				CLANG_WARN_DIRECT_OBJC_ISA_USAGE = YES_ERROR;
				CLANG_WARN_DOCUMENTATION_COMMENTS = YES;
				CLANG_WARN_EMPTY_BODY = YES;
				CLANG_WARN_ENUM_CONVERSION = YES;
				CLANG_WARN_INFINITE_RECURSION = YES;
				CLANG_WARN_INT_CONVERSION = YES;
				CLANG_WARN_NON_LITERAL_NULL_CONVERSION = YES;
				CLANG_WARN_OBJC_LITERAL_CONVERSION = YES;
				CLANG_WARN_OBJC_ROOT_CLASS = YES_ERROR;
				CLANG_WARN_RANGE_LOOP_ANALYSIS = YES;
				CLANG_WARN_STRICT_PROTOTYPES = YES;
				CLANG_WARN_SUSPICIOUS_MOVE = YES;
				CLANG_WARN_UNGUARDED_AVAILABILITY = YES_AGGRESSIVE;
				CLANG_WARN_UNREACHABLE_CODE = YES;
				CLANG_WARN__DUPLICATE_METHOD_MATCH = YES;
				CODE_SIGN_IDENTITY = "Mac Developer";
				COPY_PHASE_STRIP = NO;
				DEBUG_INFORMATION_FORMAT = dwarf;
				ENABLE_STRICT_OBJC_MSGSEND = YES;
				ENABLE_TESTABILITY = YES;
				GCC_C_LANGUAGE_STANDARD = gnu11;
				GCC_DYNAMIC_NO_PIC = NO;
				GCC_NO_COMMON_BLOCKS = YES;
				GCC_OPTIMIZATION_LEVEL = 0;
				GCC_PREPROCESSOR_DEFINITIONS = (
					"DEBUG=1",
					"$(inherited)",
				);
				GCC_WARN_64_TO_32_BIT_CONVERSION = YES;
				GCC_WARN_ABOUT_RETURN_TYPE = YES_ERROR;
				GCC_WARN_UNDECLARED_SELECTOR = YES;
				GCC_WARN_UNINITIALIZED_AUTOS = YES_AGGRESSIVE;
				GCC_WARN_UNUSED_FUNCTION = YES;
				GCC_WARN_UNUSED_VARIABLE = YES;
				MACOSX_DEPLOYMENT_TARGET = 10.13;
				MTL_ENABLE_DEBUG_INFO = YES;
				ONLY_ACTIVE_ARCH = YES;
				SDKROOT = macosx;
			};
			name = Debug;
		};
		BF268894201689E8007E431C /* Release */ = {
			isa = XCBuildConfiguration;
			buildSettings = {
				ALWAYS_SEARCH_USER_PATHS = NO;
				CLANG_ANALYZER_NONNULL = YES;
				CLANG_ANALYZER_NUMBER_OBJECT_CONVERSION = YES_AGGRESSIVE;
				CLANG_CXX_LANGUAGE_STANDARD = "gnu++14";
				CLANG_CXX_LIBRARY = "libc++";
				CLANG_ENABLE_MODULES = YES;
				CLANG_ENABLE_OBJC_ARC = YES;
				CLANG_WARN_BLOCK_CAPTURE_AUTORELEASING = YES;
				CLANG_WARN_BOOL_CONVERSION = YES;
				CLANG_WARN_COMMA = YES;
				CLANG_WARN_CONSTANT_CONVERSION = YES;
				CLANG_WARN_DIRECT_OBJC_ISA_USAGE = YES_ERROR;
				CLANG_WARN_DOCUMENTATION_COMMENTS = YES;
				CLANG_WARN_EMPTY_BODY = YES;
				CLANG_WARN_ENUM_CONVERSION = YES;
				CLANG_WARN_INFINITE_RECURSION = YES;
				CLANG_WARN_INT_CONVERSION = YES;
				CLANG_WARN_NON_LITERAL_NULL_CONVERSION = YES;
				CLANG_WARN_OBJC_LITERAL_CONVERSION = YES;
				CLANG_WARN_OBJC_ROOT_CLASS = YES_ERROR;
				CLANG_WARN_RANGE_LOOP_ANALYSIS = YES;
				CLANG_WARN_STRICT_PROTOTYPES = YES;
				CLANG_WARN_SUSPICIOUS_MOVE = YES;
				CLANG_WARN_UNGUARDED_AVAILABILITY = YES_AGGRESSIVE;
				CLANG_WARN_UNREACHABLE_CODE = YES;
				CLANG_WARN__DUPLICATE_METHOD_MATCH = YES;
				CODE_SIGN_IDENTITY = "Mac Developer";
				COPY_PHASE_STRIP = NO;
				DEBUG_INFORMATION_FORMAT = "dwarf-with-dsym";
				ENABLE_NS_ASSERTIONS = NO;
				ENABLE_STRICT_OBJC_MSGSEND = YES;
				GCC_C_LANGUAGE_STANDARD = gnu11;
				GCC_NO_COMMON_BLOCKS = YES;
				GCC_WARN_64_TO_32_BIT_CONVERSION = YES;
				GCC_WARN_ABOUT_RETURN_TYPE = YES_ERROR;
				GCC_WARN_UNDECLARED_SELECTOR = YES;
				GCC_WARN_UNINITIALIZED_AUTOS = YES_AGGRESSIVE;
				GCC_WARN_UNUSED_FUNCTION = YES;
				GCC_WARN_UNUSED_VARIABLE = YES;
				MACOSX_DEPLOYMENT_TARGET = 10.13;
				MTL_ENABLE_DEBUG_INFO = NO;
				SDKROOT = macosx;
			};
			name = Release;
		};
		BF268896201689E8007E431C /* Debug */ = {
			isa = XCBuildConfiguration;
			buildSettings = {
				CODE_SIGN_STYLE = Automatic;
				DEVELOPMENT_TEAM = MYE26Z2MAX;
				PRODUCT_NAME = "$(TARGET_NAME)";
			};
			name = Debug;
		};
		BF268897201689E8007E431C /* Release */ = {
			isa = XCBuildConfiguration;
			buildSettings = {
				CODE_SIGN_STYLE = Automatic;
				DEVELOPMENT_TEAM = MYE26Z2MAX;
				PRODUCT_NAME = "$(TARGET_NAME)";
			};
			name = Release;
		};
/* End XCBuildConfiguration section */

/* Begin XCConfigurationList section */
		BF268889201689E8007E431C /* Build configuration list for PBXProject "FirstAdventure" */ = {
			isa = XCConfigurationList;
			buildConfigurations = (
				BF268893201689E8007E431C /* Debug */,
				BF268894201689E8007E431C /* Release */,
			);
			defaultConfigurationIsVisible = 0;
			defaultConfigurationName = Release;
		};
		BF268895201689E8007E431C /* Build configuration list for PBXNativeTarget "FirstAdventure" */ = {
			isa = XCConfigurationList;
			buildConfigurations = (
				BF268896201689E8007E431C /* Debug */,
				BF268897201689E8007E431C /* Release */,
			);
			defaultConfigurationIsVisible = 0;
			defaultConfigurationName = Release;
		};
/* End XCConfigurationList section */
	};
	rootObject = BF268886201689E8007E431C /* Project object */;
}
